
Microsoft Visual Studio Solution File, Format Version 12.00
# Visual Studio Version 17
VisualStudioVersion = 17.7.34031.279
MinimumVisualStudioVersion = 10.0.40219.1
Project("{FAE04EC0-301F-11D3-BF4B-00C04F79EFBC}") = "SalesWebMvc", "SalesWebMvc\SalesWebMvc.csproj", "{BE126155-315D-4028-A6CA-536B96527A94}"
EndProject
Global
	GlobalSection(SolutionConfigurationPlatforms) = preSolution
		Debug|Any CPU = Debug|Any CPU
		Release|Any CPU = Release|Any CPU
	EndGlobalSection
	GlobalSection(ProjectConfigurationPlatforms) = postSolution
		{BE126155-315D-4028-A6CA-536B96527A94}.Debug|Any CPU.ActiveCfg = Debug|Any CPU
		{BE126155-315D-4028-A6CA-536B96527A94}.Debug|Any CPU.Build.0 = Debug|Any CPU
		{BE126155-315D-4028-A6CA-536B96527A94}.Release|Any CPU.ActiveCfg = Release|Any CPU
		{BE126155-315D-4028-A6CA-536B96527A94}.Release|Any CPU.Build.0 = Release|Any CPU
	EndGlobalSection
	GlobalSection(SolutionProperties) = preSolution
		HideSolutionNode = FALSE
	EndGlobalSection
	GlobalSection(ExtensibilityGlobals) = postSolution
		SolutionGuid = {F3DDDDD9-4409-4C04-99A2-A08E82C37FD1}
	EndGlobalSection
EndGlobal
